
Microsoft Visual Studio Solution File, Format Version 12.00
# Visual Studio Version 17
VisualStudioVersion = 17.14.36811.4
MinimumVisualStudioVersion = 10.0.40219.1
Project("{FAE04EC0-301F-11D3-BF4B-00C04F79EFBC}") = "CKSA", "CKSA.csproj", "{1A8539C3-C2F2-4E98-9119-4FEE2BF75198}"
EndProject
Project("{FAE04EC0-301F-11D3-BF4B-00C04F79EFBC}") = "ckLib", "..\ckLib\ckLib.csproj", "{AD01AADA-E45A-097E-5D5D-77812694FCB9}"
EndProject
Global
	GlobalSection(SolutionConfigurationPlatforms) = preSolution
		Debug|Any CPU = Debug|Any CPU
		Release|Any CPU = Release|Any CPU
	EndGlobalSection
	GlobalSection(ProjectConfigurationPlatforms) = postSolution
		{1A8539C3-C2F2-4E98-9119-4FEE2BF75198}.Debug|Any CPU.ActiveCfg = Debug|Any CPU
		{1A8539C3-C2F2-4E98-9119-4FEE2BF75198}.Debug|Any CPU.Build.0 = Debug|Any CPU
		{1A8539C3-C2F2-4E98-9119-4FEE2BF75198}.Release|Any CPU.ActiveCfg = Release|Any CPU
		{1A8539C3-C2F2-4E98-9119-4FEE2BF75198}.Release|Any CPU.Build.0 = Release|Any CPU
		{AD01AADA-E45A-097E-5D5D-77812694FCB9}.Debug|Any CPU.ActiveCfg = Debug|Any CPU
		{AD01AADA-E45A-097E-5D5D-77812694FCB9}.Debug|Any CPU.Build.0 = Debug|Any CPU
		{AD01AADA-E45A-097E-5D5D-77812694FCB9}.Release|Any CPU.ActiveCfg = Release|Any CPU
		{AD01AADA-E45A-097E-5D5D-77812694FCB9}.Release|Any CPU.Build.0 = Release|Any CPU
	EndGlobalSection
	GlobalSection(SolutionProperties) = preSolution
		HideSolutionNode = FALSE
	EndGlobalSection
	GlobalSection(ExtensibilityGlobals) = postSolution
		SolutionGuid = {752BF47E-3488-4F24-A1B2-AE09E62C3744}
	EndGlobalSection
EndGlobal
